<?xml version="1.0" encoding="utf-8"?>
<Project ToolsVersion="4.0" xmlns="http://schemas.microsoft.com/developer/msbuild/2003">
  <ItemGroup>
    <Filter Include="Source Files">
      <UniqueIdentifier>{b633bea4-01fe-46ad-b3ac-beb46bf30e1b}</UniqueIdentifier>
      <Extensions>cpp;c;cxx;rc;def;r;odl;idl;hpj;bat</Extensions>
    </Filter>
    <Filter Include="Header Files">
      <UniqueIdentifier>{500db33e-8847-4626-bcb3-424ed74ff3fe}</UniqueIdentifier>
      <Extensions>h;hpp;hxx;hm;inl</Extensions>
    </Filter>
    <Filter Include="Resource Files">
      <UniqueIdentifier>{8464a8cb-eb0d-42cc-932e-8bb76e7c72b9}</UniqueIdentifier>
      <Extensions>ico;cur;bmp;dlg;rc2;rct;bin;rgs;gif;jpg;jpeg;jpe</Extensions>
    </Filter>
  </ItemGroup>
  <ItemGroup>
    <ClCompile Include="DlgPTZCruise.cpp">
      <Filter>Source Files</Filter>
    </ClCompile>
    <ClCompile Include="PTZButton.cpp">
      <Filter>Source Files</Filter>
    </ClCompile>
    <ClCompile Include="LaserDeicing.cpp">
      <Filter>Source Files</Filter>
    </ClCompile>
    <ClCompile Include="LaserDeicingDlg.cpp">
      <Filter>Source Files</Filter>
    </ClCompile>
    <ClCompile Include="StdAfx.cpp">
      <Filter>Source Files</Filter>
    </ClCompile>
    <ClCompile Include="CvvImage.cpp">
      <Filter>Source Files</Filter>
    </ClCompile>
    <ClCompile Include="ImagePreprocessingDlg.cpp">
      <Filter>Source Files</Filter>
    </ClCompile>
    <ClCompile Include="ImageEdgeExtractionDlg.cpp">
      <Filter>Source Files</Filter>
    </ClCompile>
    <ClCompile Include="ImageSegmentationDlg.cpp">
      <Filter>Source Files</Filter>
    </ClCompile>
    <ClCompile Include="SetPtzPosDlg.cpp">
      <Filter>Source Files</Filter>
    </ClCompile>
  </ItemGroup>
  <ItemGroup>
    <ClInclude Include="DlgPTZCruise.h">
      <Filter>Header Files</Filter>
    </ClInclude>
    <ClInclude Include="GeneralDef.h">
      <Filter>Header Files</Filter>
    </ClInclude>
    <ClInclude Include="PTZButton.h">
      <Filter>Header Files</Filter>
    </ClInclude>
    <ClInclude Include="LaserDeicing.h">
      <Filter>Header Files</Filter>
    </ClInclude>
    <ClInclude Include="LaserDeicingDlg.h">
      <Filter>Header Files</Filter>
    </ClInclude>
    <ClInclude Include="Resource.h">
      <Filter>Header Files</Filter>
    </ClInclude>
    <ClInclude Include="StdAfx.h">
      <Filter>Header Files</Filter>
    </ClInclude>
    <ClInclude Include="CvvImage.h">
      <Filter>Header Files</Filter>
    </ClInclude>
    <ClInclude Include="ImagePreprocessingDlg.h">
      <Filter>Header Files</Filter>
    </ClInclude>
    <ClInclude Include="ImageEdgeExtractionDlg.h">
      <Filter>Header Files</Filter>
    </ClInclude>
    <ClInclude Include="ImageSegmentationDlg.h">
      <Filter>Header Files</Filter>
    </ClInclude>
    <ClInclude Include="SetPtzPosDlg.h">
      <Filter>Header Files</Filter>
    </ClInclude>
  </ItemGroup>
  <ItemGroup>
    <None Include="res\LaserDeicing.ico">
      <Filter>Resource Files</Filter>
    </None>
    <None Include="ReadMe.txt" />
    <None Include="res\LaserDeicing.rc2">
      <Filter>Resource Files</Filter>
    </None>
    <None Include="..\..\LaserDeicing.ico">
      <Filter>Resource Files</Filter>
    </None>
    <None Include="res\icon1.ico">
      <Filter>Resource Files</Filter>
    </None>
    <None Include="res\LaserDeicing_new.ico">
      <Filter>Resource Files</Filter>
    </None>
  </ItemGroup>
  <ItemGroup>
    <ResourceCompile Include="LaserDeicing.rc">
      <Filter>Resource Files</Filter>
    </ResourceCompile>
  </ItemGroup>
</Project>